<?xml version="1.0" encoding="utf-8"?>
<Project ToolsVersion="4.0" xmlns="http://schemas.microsoft.com/developer/msbuild/2003">
  <ItemGroup>
    <Filter Include="src">
      <UniqueIdentifier>{93297467-ad70-4342-ab01-efe3be9e8a34}</UniqueIdentifier>
    </Filter>
    <Filter Include="include">
      <UniqueIdentifier>{f1c52667-8a59-4904-a10f-e93ba043c175}</UniqueIdentifier>
    </Filter>
    <Filter Include="xmlparser">
      <UniqueIdentifier>{e4c00171-184b-40a8-8781-2c29ed5f6e25}</UniqueIdentifier>
    </Filter>
    <Filter Include="thirdparty">
      <UniqueIdentifier>{a389cf95-687e-4ff5-ad99-6d0616811b87}</UniqueIdentifier>
    </Filter>
  </ItemGroup>
  <ItemGroup>
    <ClInclude Include="include\tree_node.h">
      <Filter>include</Filter>
    </ClInclude>
    <ClInclude Include="include\basic_types.h">
      <Filter>include</Filter>
    </ClInclude>
    <ClInclude Include="include\action_node.h">
      <Filter>include</Filter>
    </ClInclude>
    <ClInclude Include="include\condition_node.h">
      <Filter>include</Filter>
    </ClInclude>
    <ClInclude Include="include\control_node.h">
      <Filter>include</Filter>
    </ClInclude>
    <ClInclude Include="include\sequence_node.h">
      <Filter>include</Filter>
    </ClInclude>
    <ClInclude Include="include\select_node.h">
      <Filter>include</Filter>
    </ClInclude>
    <ClInclude Include="include\tree_builder.h">
      <Filter>include</Filter>
    </ClInclude>
    <ClInclude Include="include\loop_node.h">
      <Filter>include</Filter>
    </ClInclude>
    <ClInclude Include="xmlparser\xmlparser.h">
      <Filter>xmlparser</Filter>
    </ClInclude>
    <ClInclude Include="3rdparty\tinyxml2.h">
      <Filter>thirdparty</Filter>
    </ClInclude>
  </ItemGroup>
  <ItemGroup>
    <ClCompile Include="src\tree_node.cpp">
      <Filter>src</Filter>
    </ClCompile>
    <ClCompile Include="src\action_node.cpp">
      <Filter>src</Filter>
    </ClCompile>
    <ClCompile Include="src\condition_node.cpp">
      <Filter>src</Filter>
    </ClCompile>
    <ClCompile Include="include\control_node.cpp">
      <Filter>src</Filter>
    </ClCompile>
    <ClCompile Include="src\sequence_node.cpp">
      <Filter>src</Filter>
    </ClCompile>
    <ClCompile Include="src\select_node.cpp">
      <Filter>src</Filter>
    </ClCompile>
    <ClCompile Include="src\tree_builder.cpp">
      <Filter>src</Filter>
    </ClCompile>
    <ClCompile Include="main.cpp" />
    <ClCompile Include="src\loop_node.cpp">
      <Filter>src</Filter>
    </ClCompile>
    <ClCompile Include="xmlparser\xmlparser.cpp">
      <Filter>xmlparser</Filter>
    </ClCompile>
    <ClCompile Include="3rdparty\tinyxml2.cpp">
      <Filter>thirdparty</Filter>
    </ClCompile>
  </ItemGroup>
</Project>