<?xml version="1.0" encoding="utf-8"?>
<Project ToolsVersion="4.0" xmlns="http://schemas.microsoft.com/developer/msbuild/2003">
  <ItemGroup>
    <Filter Include="sort">
      <UniqueIdentifier>{aca084b9-6a8f-4493-99f2-0d8f8175695f}</UniqueIdentifier>
    </Filter>
    <Filter Include="maxpriority">
      <UniqueIdentifier>{ecbc7fef-5123-4aa7-a394-3808b255a753}</UniqueIdentifier>
    </Filter>
    <Filter Include="framework">
      <UniqueIdentifier>{fecbb64c-442f-450b-b372-5a03fa1b880c}</UniqueIdentifier>
    </Filter>
    <Filter Include="skiplist">
      <UniqueIdentifier>{3e737ace-48ff-402b-a66a-e4a0491959cc}</UniqueIdentifier>
    </Filter>
    <Filter Include="dynamic">
      <UniqueIdentifier>{9dc492a7-3a66-451a-af14-c1f2ed6dfcb2}</UniqueIdentifier>
    </Filter>
  </ItemGroup>
  <ItemGroup>
    <ClInclude Include="sort\sort.h">
      <Filter>sort</Filter>
    </ClInclude>
    <ClInclude Include="maxpriority\maxpriority.h">
      <Filter>maxpriority</Filter>
    </ClInclude>
    <ClInclude Include="skiplist\skiplist.h">
      <Filter>skiplist</Filter>
    </ClInclude>
    <ClInclude Include="skiplist\rankmgr.h">
      <Filter>skiplist</Filter>
    </ClInclude>
    <ClInclude Include="dynamic\dynamic.h">
      <Filter>dynamic</Filter>
    </ClInclude>
  </ItemGroup>
  <ItemGroup>
    <ClCompile Include="main.cpp">
      <Filter>framework</Filter>
    </ClCompile>
    <ClCompile Include="skiplist\skiplist.cpp">
      <Filter>skiplist</Filter>
    </ClCompile>
    <ClCompile Include="skiplist\rankmgr.cpp">
      <Filter>skiplist</Filter>
    </ClCompile>
  </ItemGroup>
</Project>